// !$*UTF8*$!
{
	archiveVersion = 1;
	classes = {
	};
	objectVersion = 55;
	objects = {

/* Begin PBXBuildFile section */
		79520901561A941504C1CEC7 /* Pods_Marvel_Characters.framework in Frameworks */ = {isa = PBXBuildFile; fileRef = 097F50791D5A6E93F4C50D2A /* Pods_Marvel_Characters.framework */; };
		F4073EE92817861900381C98 /* ComicsCollectionViewCell.swift in Sources */ = {isa = PBXBuildFile; fileRef = F4073EE72817861900381C98 /* ComicsCollectionViewCell.swift */; };
		F4073EEA2817861900381C98 /* ComicsCollectionViewCell.xib in Resources */ = {isa = PBXBuildFile; fileRef = F4073EE82817861900381C98 /* ComicsCollectionViewCell.xib */; };
		F4073EED28178EF600381C98 /* ComicModel.swift in Sources */ = {isa = PBXBuildFile; fileRef = F4073EEC28178EF600381C98 /* ComicModel.swift */; };
		F40AC2B028176FBF00C9C346 /* AppDelegate.swift in Sources */ = {isa = PBXBuildFile; fileRef = F40AC2AF28176FBF00C9C346 /* AppDelegate.swift */; };
		F40AC2B228176FBF00C9C346 /* SceneDelegate.swift in Sources */ = {isa = PBXBuildFile; fileRef = F40AC2B128176FBF00C9C346 /* SceneDelegate.swift */; };
		F40AC2B728176FBF00C9C346 /* Main.storyboard in Resources */ = {isa = PBXBuildFile; fileRef = F40AC2B528176FBF00C9C346 /* Main.storyboard */; };
		F40AC2B928176FC300C9C346 /* Assets.xcassets in Resources */ = {isa = PBXBuildFile; fileRef = F40AC2B828176FC300C9C346 /* Assets.xcassets */; };
		F40AC2BC28176FC300C9C346 /* LaunchScreen.storyboard in Resources */ = {isa = PBXBuildFile; fileRef = F40AC2BA28176FC300C9C346 /* LaunchScreen.storyboard */; };
		F40AC2C92817721B00C9C346 /* HomeViewController.swift in Sources */ = {isa = PBXBuildFile; fileRef = F40AC2C82817721B00C9C346 /* HomeViewController.swift */; };
		F40AC2CB2817722E00C9C346 /* HomeViewModel.swift in Sources */ = {isa = PBXBuildFile; fileRef = F40AC2CA2817722E00C9C346 /* HomeViewModel.swift */; };
		F40AC2CD2817724600C9C346 /* SearchViewController.swift in Sources */ = {isa = PBXBuildFile; fileRef = F40AC2CC2817724600C9C346 /* SearchViewController.swift */; };
		F40AC2CF2817725000C9C346 /* SearchViewModel.swift in Sources */ = {isa = PBXBuildFile; fileRef = F40AC2CE2817725000C9C346 /* SearchViewModel.swift */; };
		F40AC2D12817726600C9C346 /* FavoritesViewModel.swift in Sources */ = {isa = PBXBuildFile; fileRef = F40AC2D02817726600C9C346 /* FavoritesViewModel.swift */; };
		F40AC2D32817727A00C9C346 /* FavoritesViewController.swift in Sources */ = {isa = PBXBuildFile; fileRef = F40AC2D22817727A00C9C346 /* FavoritesViewController.swift */; };
		F40AC2D52817728C00C9C346 /* UserViewController.swift in Sources */ = {isa = PBXBuildFile; fileRef = F40AC2D42817728C00C9C346 /* UserViewController.swift */; };
		F40AC2D72817729D00C9C346 /* UserViewModel.swift in Sources */ = {isa = PBXBuildFile; fileRef = F40AC2D62817729D00C9C346 /* UserViewModel.swift */; };
		F40AC2DB2817735F00C9C346 /* TabBarViewController.swift in Sources */ = {isa = PBXBuildFile; fileRef = F40AC2DA2817735F00C9C346 /* TabBarViewController.swift */; };
		F42FA4F728195EDE003309EF /* CharacterModel.swift in Sources */ = {isa = PBXBuildFile; fileRef = F42FA4F628195EDE003309EF /* CharacterModel.swift */; };
		F433FE46282275A50067102C /* NetworkManager.swift in Sources */ = {isa = PBXBuildFile; fileRef = F433FE45282275A50067102C /* NetworkManager.swift */; };
		F43FB82D281D7A32000D50ED /* ComicPageViewController.swift in Sources */ = {isa = PBXBuildFile; fileRef = F43FB82C281D7A32000D50ED /* ComicPageViewController.swift */; };
		F44E04A6281FF880005AB85E /* GoogleService-Info.plist in Resources */ = {isa = PBXBuildFile; fileRef = F44E04A5281FF880005AB85E /* GoogleService-Info.plist */; };
		F456CBDE281821A4002B30EB /* SearchTableViewCell.swift in Sources */ = {isa = PBXBuildFile; fileRef = F456CBDC281821A4002B30EB /* SearchTableViewCell.swift */; };
		F456CBDF281821A4002B30EB /* SearchTableViewCell.xib in Resources */ = {isa = PBXBuildFile; fileRef = F456CBDD281821A4002B30EB /* SearchTableViewCell.xib */; };
		F456CBE328184168002B30EB /* FavoritesCollectionViewCell.swift in Sources */ = {isa = PBXBuildFile; fileRef = F456CBE128184168002B30EB /* FavoritesCollectionViewCell.swift */; };
		F456CBE428184168002B30EB /* FavoritesCollectionViewCell.xib in Resources */ = {isa = PBXBuildFile; fileRef = F456CBE228184168002B30EB /* FavoritesCollectionViewCell.xib */; };
		F456CBE628184FA1002B30EB /* FavoriteCellFlowLayout.swift in Sources */ = {isa = PBXBuildFile; fileRef = F456CBE528184FA1002B30EB /* FavoriteCellFlowLayout.swift */; };
		F456CBE9281853C3002B30EB /* CharacterPageViewController.swift in Sources */ = {isa = PBXBuildFile; fileRef = F456CBE8281853C2002B30EB /* CharacterPageViewController.swift */; };
		F46DF71E281EA9A7002C786E /* CharacterPageViewModel.swift in Sources */ = {isa = PBXBuildFile; fileRef = F46DF71D281EA9A7002C786E /* CharacterPageViewModel.swift */; };
		F46DF720281EA9B1002C786E /* ComicPageModel.swift in Sources */ = {isa = PBXBuildFile; fileRef = F46DF71F281EA9B1002C786E /* ComicPageModel.swift */; };
		F47598F72819BA9B00FCF94E /* BaseViewController.swift in Sources */ = {isa = PBXBuildFile; fileRef = F47598F62819BA9B00FCF94E /* BaseViewController.swift */; };
		F47598F92819BD3600FCF94E /* UICollectionView+Register.swift in Sources */ = {isa = PBXBuildFile; fileRef = F47598F82819BD3600FCF94E /* UICollectionView+Register.swift */; };
		F47598FB2819C45700FCF94E /* UICollectionViewCell+Extension.swift in Sources */ = {isa = PBXBuildFile; fileRef = F47598FA2819C45700FCF94E /* UICollectionViewCell+Extension.swift */; };
		F4A02F9D281953B30070A4A3 /* config.swift in Sources */ = {isa = PBXBuildFile; fileRef = F4A02F9C281953B30070A4A3 /* config.swift */; };
		F4F27555283005F700B45A19 /* SignUpViewController.swift in Sources */ = {isa = PBXBuildFile; fileRef = F4F27554283005F700B45A19 /* SignUpViewController.swift */; };
		F4F275572830061500B45A19 /* SignUpViewModel.swift in Sources */ = {isa = PBXBuildFile; fileRef = F4F275562830061500B45A19 /* SignUpViewModel.swift */; };
		F4F2755A283014CE00B45A19 /* SignInViewController.swift in Sources */ = {isa = PBXBuildFile; fileRef = F4F27559283014CE00B45A19 /* SignInViewController.swift */; };
		F4F2755C283014DA00B45A19 /* SignInViewModel.swift in Sources */ = {isa = PBXBuildFile; fileRef = F4F2755B283014DA00B45A19 /* SignInViewModel.swift */; };
		F4F2755E2830335200B45A19 /* UserSettingsViewController.swift in Sources */ = {isa = PBXBuildFile; fileRef = F4F2755D2830335200B45A19 /* UserSettingsViewController.swift */; };
		F4F275602830338400B45A19 /* UserSettingsViewModel.swift in Sources */ = {isa = PBXBuildFile; fileRef = F4F2755F2830338400B45A19 /* UserSettingsViewModel.swift */; };
		F4FC3232282FA34F0095C54B /* CreatorModel.swift in Sources */ = {isa = PBXBuildFile; fileRef = F4FC3231282FA34F0095C54B /* CreatorModel.swift */; };
/* End PBXBuildFile section */

/* Begin PBXFileReference section */
		097F50791D5A6E93F4C50D2A /* Pods_Marvel_Characters.framework */ = {isa = PBXFileReference; explicitFileType = wrapper.framework; includeInIndex = 0; path = Pods_Marvel_Characters.framework; sourceTree = BUILT_PRODUCTS_DIR; };
		68DE2C6B5F70A83A3799C7F0 /* Pods-Marvel Characters.debug.xcconfig */ = {isa = PBXFileReference; includeInIndex = 1; lastKnownFileType = text.xcconfig; name = "Pods-Marvel Characters.debug.xcconfig"; path = "Target Support Files/Pods-Marvel Characters/Pods-Marvel Characters.debug.xcconfig"; sourceTree = "<group>"; };
		C03F4818A50C1CD9E2D5B253 /* Pods-Marvel Characters.release.xcconfig */ = {isa = PBXFileReference; includeInIndex = 1; lastKnownFileType = text.xcconfig; name = "Pods-Marvel Characters.release.xcconfig"; path = "Target Support Files/Pods-Marvel Characters/Pods-Marvel Characters.release.xcconfig"; sourceTree = "<group>"; };
		F4073EE72817861900381C98 /* ComicsCollectionViewCell.swift */ = {isa = PBXFileReference; lastKnownFileType = sourcecode.swift; path = ComicsCollectionViewCell.swift; sourceTree = "<group>"; };
		F4073EE82817861900381C98 /* ComicsCollectionViewCell.xib */ = {isa = PBXFileReference; lastKnownFileType = file.xib; path = ComicsCollectionViewCell.xib; sourceTree = "<group>"; };
		F4073EEC28178EF600381C98 /* ComicModel.swift */ = {isa = PBXFileReference; lastKnownFileType = sourcecode.swift; path = ComicModel.swift; sourceTree = "<group>"; };
		F40AC2AC28176FBF00C9C346 /* Marvel Characters.app */ = {isa = PBXFileReference; explicitFileType = wrapper.application; includeInIndex = 0; path = "Marvel Characters.app"; sourceTree = BUILT_PRODUCTS_DIR; };
		F40AC2AF28176FBF00C9C346 /* AppDelegate.swift */ = {isa = PBXFileReference; lastKnownFileType = sourcecode.swift; path = AppDelegate.swift; sourceTree = "<group>"; };
		F40AC2B128176FBF00C9C346 /* SceneDelegate.swift */ = {isa = PBXFileReference; lastKnownFileType = sourcecode.swift; path = SceneDelegate.swift; sourceTree = "<group>"; };
		F40AC2B628176FBF00C9C346 /* Base */ = {isa = PBXFileReference; lastKnownFileType = file.storyboard; name = Base; path = Base.lproj/Main.storyboard; sourceTree = "<group>"; };
		F40AC2B828176FC300C9C346 /* Assets.xcassets */ = {isa = PBXFileReference; lastKnownFileType = folder.assetcatalog; path = Assets.xcassets; sourceTree = "<group>"; };
		F40AC2BB28176FC300C9C346 /* Base */ = {isa = PBXFileReference; lastKnownFileType = file.storyboard; name = Base; path = Base.lproj/LaunchScreen.storyboard; sourceTree = "<group>"; };
		F40AC2BD28176FC300C9C346 /* Info.plist */ = {isa = PBXFileReference; lastKnownFileType = text.plist.xml; path = Info.plist; sourceTree = "<group>"; };
		F40AC2C82817721B00C9C346 /* HomeViewController.swift */ = {isa = PBXFileReference; lastKnownFileType = sourcecode.swift; path = HomeViewController.swift; sourceTree = "<group>"; };
		F40AC2CA2817722E00C9C346 /* HomeViewModel.swift */ = {isa = PBXFileReference; lastKnownFileType = sourcecode.swift; path = HomeViewModel.swift; sourceTree = "<group>"; };
		F40AC2CC2817724600C9C346 /* SearchViewController.swift */ = {isa = PBXFileReference; lastKnownFileType = sourcecode.swift; path = SearchViewController.swift; sourceTree = "<group>"; };
		F40AC2CE2817725000C9C346 /* SearchViewModel.swift */ = {isa = PBXFileReference; lastKnownFileType = sourcecode.swift; path = SearchViewModel.swift; sourceTree = "<group>"; };
		F40AC2D02817726600C9C346 /* FavoritesViewModel.swift */ = {isa = PBXFileReference; lastKnownFileType = sourcecode.swift; path = FavoritesViewModel.swift; sourceTree = "<group>"; };
		F40AC2D22817727A00C9C346 /* FavoritesViewController.swift */ = {isa = PBXFileReference; lastKnownFileType = sourcecode.swift; path = FavoritesViewController.swift; sourceTree = "<group>"; };
		F40AC2D42817728C00C9C346 /* UserViewController.swift */ = {isa = PBXFileReference; lastKnownFileType = sourcecode.swift; path = UserViewController.swift; sourceTree = "<group>"; };
		F40AC2D62817729D00C9C346 /* UserViewModel.swift */ = {isa = PBXFileReference; lastKnownFileType = sourcecode.swift; path = UserViewModel.swift; sourceTree = "<group>"; };
		F40AC2DA2817735F00C9C346 /* TabBarViewController.swift */ = {isa = PBXFileReference; lastKnownFileType = sourcecode.swift; path = TabBarViewController.swift; sourceTree = "<group>"; };
		F42FA4F628195EDE003309EF /* CharacterModel.swift */ = {isa = PBXFileReference; lastKnownFileType = sourcecode.swift; path = CharacterModel.swift; sourceTree = "<group>"; };
		F433FE45282275A50067102C /* NetworkManager.swift */ = {isa = PBXFileReference; lastKnownFileType = sourcecode.swift; path = NetworkManager.swift; sourceTree = "<group>"; };
		F43FB82C281D7A32000D50ED /* ComicPageViewController.swift */ = {isa = PBXFileReference; lastKnownFileType = sourcecode.swift; path = ComicPageViewController.swift; sourceTree = "<group>"; };
		F44E04A5281FF880005AB85E /* GoogleService-Info.plist */ = {isa = PBXFileReference; fileEncoding = 4; lastKnownFileType = text.plist.xml; path = "GoogleService-Info.plist"; sourceTree = "<group>"; };
		F456CBDC281821A4002B30EB /* SearchTableViewCell.swift */ = {isa = PBXFileReference; lastKnownFileType = sourcecode.swift; path = SearchTableViewCell.swift; sourceTree = "<group>"; };
		F456CBDD281821A4002B30EB /* SearchTableViewCell.xib */ = {isa = PBXFileReference; lastKnownFileType = file.xib; path = SearchTableViewCell.xib; sourceTree = "<group>"; };
		F456CBE128184168002B30EB /* FavoritesCollectionViewCell.swift */ = {isa = PBXFileReference; lastKnownFileType = sourcecode.swift; path = FavoritesCollectionViewCell.swift; sourceTree = "<group>"; };
		F456CBE228184168002B30EB /* FavoritesCollectionViewCell.xib */ = {isa = PBXFileReference; lastKnownFileType = file.xib; path = FavoritesCollectionViewCell.xib; sourceTree = "<group>"; };
		F456CBE528184FA1002B30EB /* FavoriteCellFlowLayout.swift */ = {isa = PBXFileReference; lastKnownFileType = sourcecode.swift; path = FavoriteCellFlowLayout.swift; sourceTree = "<group>"; };
		F456CBE8281853C2002B30EB /* CharacterPageViewController.swift */ = {isa = PBXFileReference; lastKnownFileType = sourcecode.swift; path = CharacterPageViewController.swift; sourceTree = "<group>"; };
		F46DF71D281EA9A7002C786E /* CharacterPageViewModel.swift */ = {isa = PBXFileReference; lastKnownFileType = sourcecode.swift; path = CharacterPageViewModel.swift; sourceTree = "<group>"; };
		F46DF71F281EA9B1002C786E /* ComicPageModel.swift */ = {isa = PBXFileReference; lastKnownFileType = sourcecode.swift; path = ComicPageModel.swift; sourceTree = "<group>"; };
		F47598F62819BA9B00FCF94E /* BaseViewController.swift */ = {isa = PBXFileReference; lastKnownFileType = sourcecode.swift; path = BaseViewController.swift; sourceTree = "<group>"; };
		F47598F82819BD3600FCF94E /* UICollectionView+Register.swift */ = {isa = PBXFileReference; lastKnownFileType = sourcecode.swift; path = "UICollectionView+Register.swift"; sourceTree = "<group>"; };
		F47598FA2819C45700FCF94E /* UICollectionViewCell+Extension.swift */ = {isa = PBXFileReference; lastKnownFileType = sourcecode.swift; path = "UICollectionViewCell+Extension.swift"; sourceTree = "<group>"; };
		F4A02F9C281953B30070A4A3 /* config.swift */ = {isa = PBXFileReference; lastKnownFileType = sourcecode.swift; path = config.swift; sourceTree = "<group>"; };
		F4F27554283005F700B45A19 /* SignUpViewController.swift */ = {isa = PBXFileReference; lastKnownFileType = sourcecode.swift; path = SignUpViewController.swift; sourceTree = "<group>"; };
		F4F275562830061500B45A19 /* SignUpViewModel.swift */ = {isa = PBXFileReference; lastKnownFileType = sourcecode.swift; path = SignUpViewModel.swift; sourceTree = "<group>"; };
		F4F27559283014CE00B45A19 /* SignInViewController.swift */ = {isa = PBXFileReference; lastKnownFileType = sourcecode.swift; path = SignInViewController.swift; sourceTree = "<group>"; };
		F4F2755B283014DA00B45A19 /* SignInViewModel.swift */ = {isa = PBXFileReference; lastKnownFileType = sourcecode.swift; path = SignInViewModel.swift; sourceTree = "<group>"; };
		F4F2755D2830335200B45A19 /* UserSettingsViewController.swift */ = {isa = PBXFileReference; lastKnownFileType = sourcecode.swift; path = UserSettingsViewController.swift; sourceTree = "<group>"; };
		F4F2755F2830338400B45A19 /* UserSettingsViewModel.swift */ = {isa = PBXFileReference; lastKnownFileType = sourcecode.swift; path = UserSettingsViewModel.swift; sourceTree = "<group>"; };
		F4FC3231282FA34F0095C54B /* CreatorModel.swift */ = {isa = PBXFileReference; lastKnownFileType = sourcecode.swift; path = CreatorModel.swift; sourceTree = "<group>"; };
/* End PBXFileReference section */

/* Begin PBXFrameworksBuildPhase section */
		F40AC2A928176FBF00C9C346 /* Frameworks */ = {
			isa = PBXFrameworksBuildPhase;
			buildActionMask = 2147483647;
			files = (
				79520901561A941504C1CEC7 /* Pods_Marvel_Characters.framework in Frameworks */,
			);
			runOnlyForDeploymentPostprocessing = 0;
		};
/* End PBXFrameworksBuildPhase section */

/* Begin PBXGroup section */
		CDB77D113643E93D70D67FE6 /* Frameworks */ = {
			isa = PBXGroup;
			children = (
				097F50791D5A6E93F4C50D2A /* Pods_Marvel_Characters.framework */,
			);
			name = Frameworks;
			sourceTree = "<group>";
		};
		EF72D4543709880A75D6F8DC /* Pods */ = {
			isa = PBXGroup;
			children = (
				68DE2C6B5F70A83A3799C7F0 /* Pods-Marvel Characters.debug.xcconfig */,
				C03F4818A50C1CD9E2D5B253 /* Pods-Marvel Characters.release.xcconfig */,
			);
			path = Pods;
			sourceTree = "<group>";
		};
		F4073EE6281785FA00381C98 /* Cell */ = {
			isa = PBXGroup;
			children = (
				F4073EE72817861900381C98 /* ComicsCollectionViewCell.swift */,
				F4073EE82817861900381C98 /* ComicsCollectionViewCell.xib */,
			);
			path = Cell;
			sourceTree = "<group>";
		};
		F4073EEB28178EAB00381C98 /* Models */ = {
			isa = PBXGroup;
			children = (
				F4073EEC28178EF600381C98 /* ComicModel.swift */,
				F42FA4F628195EDE003309EF /* CharacterModel.swift */,
				F4FC3231282FA34F0095C54B /* CreatorModel.swift */,
			);
			name = Models;
			path = "Marvel Characters";
			sourceTree = "<group>";
		};
		F40AC2A328176FBF00C9C346 = {
			isa = PBXGroup;
			children = (
				F40AC2AE28176FBF00C9C346 /* Marvel Characters */,
				F4073EEB28178EAB00381C98 /* Models */,
				F40AC2AD28176FBF00C9C346 /* Products */,
				EF72D4543709880A75D6F8DC /* Pods */,
				CDB77D113643E93D70D67FE6 /* Frameworks */,
			);
			sourceTree = "<group>";
		};
		F40AC2AD28176FBF00C9C346 /* Products */ = {
			isa = PBXGroup;
			children = (
				F40AC2AC28176FBF00C9C346 /* Marvel Characters.app */,
			);
			name = Products;
			sourceTree = "<group>";
		};
		F40AC2AE28176FBF00C9C346 /* Marvel Characters */ = {
			isa = PBXGroup;
			children = (
				F433FE442822758E0067102C /* Manager */,
				F47598F52819BA5700FCF94E /* Extensions */,
				F40AC2D9281772BE00C9C346 /* SupportingFiles */,
				F40AC2D8281772A900C9C346 /* Views */,
				F40AC2C32817710D00C9C346 /* Controllers */,
				F4A02F9C281953B30070A4A3 /* config.swift */,
			);
			path = "Marvel Characters";
			sourceTree = "<group>";
		};
		F40AC2C32817710D00C9C346 /* Controllers */ = {
			isa = PBXGroup;
			children = (
				F456CBE72818539B002B30EB /* ContentPage */,
				F40AC2C42817717500C9C346 /* Home */,
				F40AC2C62817719200C9C346 /* Search */,
				F40AC2C52817718000C9C346 /* Favorites */,
				F40AC2C7281771BF00C9C346 /* User */,
				F40AC2DA2817735F00C9C346 /* TabBarViewController.swift */,
				F47598F62819BA9B00FCF94E /* BaseViewController.swift */,
			);
			path = Controllers;
			sourceTree = "<group>";
		};
		F40AC2C42817717500C9C346 /* Home */ = {
			isa = PBXGroup;
			children = (
				F4073EE6281785FA00381C98 /* Cell */,
				F40AC2C82817721B00C9C346 /* HomeViewController.swift */,
				F40AC2CA2817722E00C9C346 /* HomeViewModel.swift */,
			);
			path = Home;
			sourceTree = "<group>";
		};
		F40AC2C52817718000C9C346 /* Favorites */ = {
			isa = PBXGroup;
			children = (
				F456CBE028184145002B30EB /* FavoritesCell */,
				F40AC2D22817727A00C9C346 /* FavoritesViewController.swift */,
				F40AC2D02817726600C9C346 /* FavoritesViewModel.swift */,
			);
			path = Favorites;
			sourceTree = "<group>";
		};
		F40AC2C62817719200C9C346 /* Search */ = {
			isa = PBXGroup;
			children = (
				F456CBDB2818216F002B30EB /* Cell */,
				F40AC2CC2817724600C9C346 /* SearchViewController.swift */,
				F40AC2CE2817725000C9C346 /* SearchViewModel.swift */,
			);
			path = Search;
			sourceTree = "<group>";
		};
		F40AC2C7281771BF00C9C346 /* User */ = {
			isa = PBXGroup;
			children = (
				F4F275612830338B00B45A19 /* UserSettings */,
				F4F275582830086B00B45A19 /* Sign */,
				F40AC2D42817728C00C9C346 /* UserViewController.swift */,
				F40AC2D62817729D00C9C346 /* UserViewModel.swift */,
			);
			path = User;
			sourceTree = "<group>";
		};
		F40AC2D8281772A900C9C346 /* Views */ = {
			isa = PBXGroup;
			children = (
				F40AC2B528176FBF00C9C346 /* Main.storyboard */,
				F40AC2BA28176FC300C9C346 /* LaunchScreen.storyboard */,
			);
			name = Views;
			sourceTree = "<group>";
		};
		F40AC2D9281772BE00C9C346 /* SupportingFiles */ = {
			isa = PBXGroup;
			children = (
				F40AC2AF28176FBF00C9C346 /* AppDelegate.swift */,
				F40AC2B128176FBF00C9C346 /* SceneDelegate.swift */,
				F40AC2B828176FC300C9C346 /* Assets.xcassets */,
				F40AC2BD28176FC300C9C346 /* Info.plist */,
				F44E04A5281FF880005AB85E /* GoogleService-Info.plist */,
			);
			name = SupportingFiles;
			sourceTree = "<group>";
		};
		F433FE442822758E0067102C /* Manager */ = {
			isa = PBXGroup;
			children = (
				F433FE45282275A50067102C /* NetworkManager.swift */,
			);
			name = Manager;
			sourceTree = "<group>";
		};
		F44E04A3281FE194005AB85E /* CharacterPage */ = {
			isa = PBXGroup;
			children = (
				F456CBE8281853C2002B30EB /* CharacterPageViewController.swift */,
				F46DF71D281EA9A7002C786E /* CharacterPageViewModel.swift */,
			);
			path = CharacterPage;
			sourceTree = "<group>";
		};
		F44E04A4281FE1A1005AB85E /* ComicPage */ = {
			isa = PBXGroup;
			children = (
				F43FB82C281D7A32000D50ED /* ComicPageViewController.swift */,
				F46DF71F281EA9B1002C786E /* ComicPageModel.swift */,
			);
			path = ComicPage;
			sourceTree = "<group>";
		};
		F456CBDB2818216F002B30EB /* Cell */ = {
			isa = PBXGroup;
			children = (
				F456CBDC281821A4002B30EB /* SearchTableViewCell.swift */,
				F456CBDD281821A4002B30EB /* SearchTableViewCell.xib */,
			);
			path = Cell;
			sourceTree = "<group>";
		};
		F456CBE028184145002B30EB /* FavoritesCell */ = {
			isa = PBXGroup;
			children = (
				F456CBE128184168002B30EB /* FavoritesCollectionViewCell.swift */,
				F456CBE228184168002B30EB /* FavoritesCollectionViewCell.xib */,
				F456CBE528184FA1002B30EB /* FavoriteCellFlowLayout.swift */,
			);
			path = FavoritesCell;
			sourceTree = "<group>";
		};
		F456CBE72818539B002B30EB /* ContentPage */ = {
			isa = PBXGroup;
			children = (
				F44E04A4281FE1A1005AB85E /* ComicPage */,
				F44E04A3281FE194005AB85E /* CharacterPage */,
			);
			path = ContentPage;
			sourceTree = "<group>";
		};
		F47598F52819BA5700FCF94E /* Extensions */ = {
			isa = PBXGroup;
			children = (
				F47598F82819BD3600FCF94E /* UICollectionView+Register.swift */,
				F47598FA2819C45700FCF94E /* UICollectionViewCell+Extension.swift */,
			);
			name = Extensions;
			sourceTree = "<group>";
		};
		F4F275582830086B00B45A19 /* Sign */ = {
			isa = PBXGroup;
			children = (
				F4F27554283005F700B45A19 /* SignUpViewController.swift */,
				F4F275562830061500B45A19 /* SignUpViewModel.swift */,
				F4F27559283014CE00B45A19 /* SignInViewController.swift */,
				F4F2755B283014DA00B45A19 /* SignInViewModel.swift */,
			);
			path = Sign;
			sourceTree = "<group>";
		};
		F4F275612830338B00B45A19 /* UserSettings */ = {
			isa = PBXGroup;
			children = (
				F4F2755D2830335200B45A19 /* UserSettingsViewController.swift */,
				F4F2755F2830338400B45A19 /* UserSettingsViewModel.swift */,
			);
			path = UserSettings;
			sourceTree = "<group>";
		};
/* End PBXGroup section */

/* Begin PBXNativeTarget section */
		F40AC2AB28176FBF00C9C346 /* Marvel Characters */ = {
			isa = PBXNativeTarget;
			buildConfigurationList = F40AC2C028176FC300C9C346 /* Build configuration list for PBXNativeTarget "Marvel Characters" */;
			buildPhases = (
				6B610F70876B6509994F82F5 /* [CP] Check Pods Manifest.lock */,
				F40AC2A828176FBF00C9C346 /* Sources */,
				F40AC2A928176FBF00C9C346 /* Frameworks */,
				F40AC2AA28176FBF00C9C346 /* Resources */,
				455689CAAED3D0D58D50C550 /* [CP] Embed Pods Frameworks */,
			);
			buildRules = (
			);
			dependencies = (
			);
			name = "Marvel Characters";
			productName = "Marvel Characters";
			productReference = F40AC2AC28176FBF00C9C346 /* Marvel Characters.app */;
			productType = "com.apple.product-type.application";
		};
/* End PBXNativeTarget section */

/* Begin PBXProject section */
		F40AC2A428176FBF00C9C346 /* Project object */ = {
			isa = PBXProject;
			attributes = {
				BuildIndependentTargetsInParallel = 1;
				LastSwiftUpdateCheck = 1330;
				LastUpgradeCheck = 1330;
				TargetAttributes = {
					F40AC2AB28176FBF00C9C346 = {
						CreatedOnToolsVersion = 13.3.1;
					};
				};
			};
			buildConfigurationList = F40AC2A728176FBF00C9C346 /* Build configuration list for PBXProject "Marvel Characters" */;
			compatibilityVersion = "Xcode 13.0";
			developmentRegion = en;
			hasScannedForEncodings = 0;
			knownRegions = (
				en,
				Base,
			);
			mainGroup = F40AC2A328176FBF00C9C346;
			productRefGroup = F40AC2AD28176FBF00C9C346 /* Products */;
			projectDirPath = "";
			projectRoot = "";
			targets = (
				F40AC2AB28176FBF00C9C346 /* Marvel Characters */,
			);
		};
/* End PBXProject section */

/* Begin PBXResourcesBuildPhase section */
		F40AC2AA28176FBF00C9C346 /* Resources */ = {
			isa = PBXResourcesBuildPhase;
			buildActionMask = 2147483647;
			files = (
				F40AC2BC28176FC300C9C346 /* LaunchScreen.storyboard in Resources */,
				F40AC2B928176FC300C9C346 /* Assets.xcassets in Resources */,
				F456CBE428184168002B30EB /* FavoritesCollectionViewCell.xib in Resources */,
				F4073EEA2817861900381C98 /* ComicsCollectionViewCell.xib in Resources */,
				F40AC2B728176FBF00C9C346 /* Main.storyboard in Resources */,
				F456CBDF281821A4002B30EB /* SearchTableViewCell.xib in Resources */,
				F44E04A6281FF880005AB85E /* GoogleService-Info.plist in Resources */,
			);
			runOnlyForDeploymentPostprocessing = 0;
		};
/* End PBXResourcesBuildPhase section */

/* Begin PBXShellScriptBuildPhase section */
		455689CAAED3D0D58D50C550 /* [CP] Embed Pods Frameworks */ = {
			isa = PBXShellScriptBuildPhase;
			buildActionMask = 2147483647;
			files = (
			);
			inputFileListPaths = (
				"${PODS_ROOT}/Target Support Files/Pods-Marvel Characters/Pods-Marvel Characters-frameworks-${CONFIGURATION}-input-files.xcfilelist",
			);
			name = "[CP] Embed Pods Frameworks";
			outputFileListPaths = (
				"${PODS_ROOT}/Target Support Files/Pods-Marvel Characters/Pods-Marvel Characters-frameworks-${CONFIGURATION}-output-files.xcfilelist",
			);
			runOnlyForDeploymentPostprocessing = 0;
			shellPath = /bin/sh;
			shellScript = "\"${PODS_ROOT}/Target Support Files/Pods-Marvel Characters/Pods-Marvel Characters-frameworks.sh\"\n";
			showEnvVarsInLog = 0;
		};
		6B610F70876B6509994F82F5 /* [CP] Check Pods Manifest.lock */ = {
			isa = PBXShellScriptBuildPhase;
			buildActionMask = 2147483647;
			files = (
			);
			inputFileListPaths = (
			);
			inputPaths = (
				"${PODS_PODFILE_DIR_PATH}/Podfile.lock",
				"${PODS_ROOT}/Manifest.lock",
			);
			name = "[CP] Check Pods Manifest.lock";
			outputFileListPaths = (
			);
			outputPaths = (
				"$(DERIVED_FILE_DIR)/Pods-Marvel Characters-checkManifestLockResult.txt",
			);
			runOnlyForDeploymentPostprocessing = 0;
			shellPath = /bin/sh;
			shellScript = "diff \"${PODS_PODFILE_DIR_PATH}/Podfile.lock\" \"${PODS_ROOT}/Manifest.lock\" > /dev/null\nif [ $? != 0 ] ; then\n    # print error to STDERR\n    echo \"error: The sandbox is not in sync with the Podfile.lock. Run 'pod install' or update your CocoaPods installation.\" >&2\n    exit 1\nfi\n# This output is used by Xcode 'outputs' to avoid re-running this script phase.\necho \"SUCCESS\" > \"${SCRIPT_OUTPUT_FILE_0}\"\n";
			showEnvVarsInLog = 0;
		};
/* End PBXShellScriptBuildPhase section */

/* Begin PBXSourcesBuildPhase section */
		F40AC2A828176FBF00C9C346 /* Sources */ = {
			isa = PBXSourcesBuildPhase;
			buildActionMask = 2147483647;
			files = (
				F4F2755C283014DA00B45A19 /* SignInViewModel.swift in Sources */,
				F40AC2D12817726600C9C346 /* FavoritesViewModel.swift in Sources */,
				F40AC2D52817728C00C9C346 /* UserViewController.swift in Sources */,
				F4A02F9D281953B30070A4A3 /* config.swift in Sources */,
				F4F27555283005F700B45A19 /* SignUpViewController.swift in Sources */,
				F456CBE9281853C3002B30EB /* CharacterPageViewController.swift in Sources */,
				F4073EE92817861900381C98 /* ComicsCollectionViewCell.swift in Sources */,
				F433FE46282275A50067102C /* NetworkManager.swift in Sources */,
				F42FA4F728195EDE003309EF /* CharacterModel.swift in Sources */,
				F4F2755A283014CE00B45A19 /* SignInViewController.swift in Sources */,
				F40AC2DB2817735F00C9C346 /* TabBarViewController.swift in Sources */,
				F40AC2CF2817725000C9C346 /* SearchViewModel.swift in Sources */,
				F456CBE328184168002B30EB /* FavoritesCollectionViewCell.swift in Sources */,
				F40AC2D72817729D00C9C346 /* UserViewModel.swift in Sources */,
				F47598FB2819C45700FCF94E /* UICollectionViewCell+Extension.swift in Sources */,
				F43FB82D281D7A32000D50ED /* ComicPageViewController.swift in Sources */,
				F40AC2D32817727A00C9C346 /* FavoritesViewController.swift in Sources */,
				F47598F92819BD3600FCF94E /* UICollectionView+Register.swift in Sources */,
				F46DF720281EA9B1002C786E /* ComicPageModel.swift in Sources */,
				F40AC2CD2817724600C9C346 /* SearchViewController.swift in Sources */,
				F4F2755E2830335200B45A19 /* UserSettingsViewController.swift in Sources */,
				F456CBE628184FA1002B30EB /* FavoriteCellFlowLayout.swift in Sources */,
				F4FC3232282FA34F0095C54B /* CreatorModel.swift in Sources */,
				F40AC2B028176FBF00C9C346 /* AppDelegate.swift in Sources */,
				F47598F72819BA9B00FCF94E /* BaseViewController.swift in Sources */,
				F4073EED28178EF600381C98 /* ComicModel.swift in Sources */,
				F4F275602830338400B45A19 /* UserSettingsViewModel.swift in Sources */,
				F40AC2CB2817722E00C9C346 /* HomeViewModel.swift in Sources */,
				F456CBDE281821A4002B30EB /* SearchTableViewCell.swift in Sources */,
				F4F275572830061500B45A19 /* SignUpViewModel.swift in Sources */,
				F40AC2B228176FBF00C9C346 /* SceneDelegate.swift in Sources */,
				F46DF71E281EA9A7002C786E /* CharacterPageViewModel.swift in Sources */,
				F40AC2C92817721B00C9C346 /* HomeViewController.swift in Sources */,
			);
			runOnlyForDeploymentPostprocessing = 0;
		};
/* End PBXSourcesBuildPhase section */

/* Begin PBXVariantGroup section */
		F40AC2B528176FBF00C9C346 /* Main.storyboard */ = {
			isa = PBXVariantGroup;
			children = (
				F40AC2B628176FBF00C9C346 /* Base */,
			);
			name = Main.storyboard;
			sourceTree = "<group>";
		};
		F40AC2BA28176FC300C9C346 /* LaunchScreen.storyboard */ = {
			isa = PBXVariantGroup;
			children = (
				F40AC2BB28176FC300C9C346 /* Base */,
			);
			name = LaunchScreen.storyboard;
			sourceTree = "<group>";
		};
/* End PBXVariantGroup section */

/* Begin XCBuildConfiguration section */
		F40AC2BE28176FC300C9C346 /* Debug */ = {
			isa = XCBuildConfiguration;
			buildSettings = {
				ALWAYS_SEARCH_USER_PATHS = NO;
				CLANG_ANALYZER_NONNULL = YES;
				CLANG_ANALYZER_NUMBER_OBJECT_CONVERSION = YES_AGGRESSIVE;
				CLANG_CXX_LANGUAGE_STANDARD = "gnu++17";
				CLANG_ENABLE_MODULES = YES;
				CLANG_ENABLE_OBJC_ARC = YES;
				CLANG_ENABLE_OBJC_WEAK = YES;
				CLANG_WARN_BLOCK_CAPTURE_AUTORELEASING = YES;
				CLANG_WARN_BOOL_CONVERSION = YES;
				CLANG_WARN_COMMA = YES;
				CLANG_WARN_CONSTANT_CONVERSION = YES;
				CLANG_WARN_DEPRECATED_OBJC_IMPLEMENTATIONS = YES;
				CLANG_WARN_DIRECT_OBJC_ISA_USAGE = YES_ERROR;
				CLANG_WARN_DOCUMENTATION_COMMENTS = YES;
				CLANG_WARN_EMPTY_BODY = YES;
				CLANG_WARN_ENUM_CONVERSION = YES;
				CLANG_WARN_INFINITE_RECURSION = YES;
				CLANG_WARN_INT_CONVERSION = YES;
				CLANG_WARN_NON_LITERAL_NULL_CONVERSION = YES;
				CLANG_WARN_OBJC_IMPLICIT_RETAIN_SELF = YES;
				CLANG_WARN_OBJC_LITERAL_CONVERSION = YES;
				CLANG_WARN_OBJC_ROOT_CLASS = YES_ERROR;
				CLANG_WARN_QUOTED_INCLUDE_IN_FRAMEWORK_HEADER = YES;
				CLANG_WARN_RANGE_LOOP_ANALYSIS = YES;
				CLANG_WARN_STRICT_PROTOTYPES = YES;
				CLANG_WARN_SUSPICIOUS_MOVE = YES;
				CLANG_WARN_UNGUARDED_AVAILABILITY = YES_AGGRESSIVE;
				CLANG_WARN_UNREACHABLE_CODE = YES;
				CLANG_WARN__DUPLICATE_METHOD_MATCH = YES;
				COPY_PHASE_STRIP = NO;
				DEBUG_INFORMATION_FORMAT = dwarf;
				ENABLE_STRICT_OBJC_MSGSEND = YES;
				ENABLE_TESTABILITY = YES;
				GCC_C_LANGUAGE_STANDARD = gnu11;
				GCC_DYNAMIC_NO_PIC = NO;
				GCC_NO_COMMON_BLOCKS = YES;
				GCC_OPTIMIZATION_LEVEL = 0;
				GCC_PREPROCESSOR_DEFINITIONS = (
					"DEBUG=1",
					"$(inherited)",
				);
				GCC_WARN_64_TO_32_BIT_CONVERSION = YES;
				GCC_WARN_ABOUT_RETURN_TYPE = YES_ERROR;
				GCC_WARN_UNDECLARED_SELECTOR = YES;
				GCC_WARN_UNINITIALIZED_AUTOS = YES_AGGRESSIVE;
				GCC_WARN_UNUSED_FUNCTION = YES;
				GCC_WARN_UNUSED_VARIABLE = YES;
				IPHONEOS_DEPLOYMENT_TARGET = 15.4;
				MTL_ENABLE_DEBUG_INFO = INCLUDE_SOURCE;
				MTL_FAST_MATH = YES;
				ONLY_ACTIVE_ARCH = YES;
				SDKROOT = iphoneos;
				SWIFT_ACTIVE_COMPILATION_CONDITIONS = DEBUG;
				SWIFT_OPTIMIZATION_LEVEL = "-Onone";
			};
			name = Debug;
		};
		F40AC2BF28176FC300C9C346 /* Release */ = {
			isa = XCBuildConfiguration;
			buildSettings = {
				ALWAYS_SEARCH_USER_PATHS = NO;
				CLANG_ANALYZER_NONNULL = YES;
				CLANG_ANALYZER_NUMBER_OBJECT_CONVERSION = YES_AGGRESSIVE;
				CLANG_CXX_LANGUAGE_STANDARD = "gnu++17";
				CLANG_ENABLE_MODULES = YES;
				CLANG_ENABLE_OBJC_ARC = YES;
				CLANG_ENABLE_OBJC_WEAK = YES;
				CLANG_WARN_BLOCK_CAPTURE_AUTORELEASING = YES;
				CLANG_WARN_BOOL_CONVERSION = YES;
				CLANG_WARN_COMMA = YES;
				CLANG_WARN_CONSTANT_CONVERSION = YES;
				CLANG_WARN_DEPRECATED_OBJC_IMPLEMENTATIONS = YES;
				CLANG_WARN_DIRECT_OBJC_ISA_USAGE = YES_ERROR;
				CLANG_WARN_DOCUMENTATION_COMMENTS = YES;
				CLANG_WARN_EMPTY_BODY = YES;
				CLANG_WARN_ENUM_CONVERSION = YES;
				CLANG_WARN_INFINITE_RECURSION = YES;
				CLANG_WARN_INT_CONVERSION = YES;
				CLANG_WARN_NON_LITERAL_NULL_CONVERSION = YES;
				CLANG_WARN_OBJC_IMPLICIT_RETAIN_SELF = YES;
				CLANG_WARN_OBJC_LITERAL_CONVERSION = YES;
				CLANG_WARN_OBJC_ROOT_CLASS = YES_ERROR;
				CLANG_WARN_QUOTED_INCLUDE_IN_FRAMEWORK_HEADER = YES;
				CLANG_WARN_RANGE_LOOP_ANALYSIS = YES;
				CLANG_WARN_STRICT_PROTOTYPES = YES;
				CLANG_WARN_SUSPICIOUS_MOVE = YES;
				CLANG_WARN_UNGUARDED_AVAILABILITY = YES_AGGRESSIVE;
				CLANG_WARN_UNREACHABLE_CODE = YES;
				CLANG_WARN__DUPLICATE_METHOD_MATCH = YES;
				COPY_PHASE_STRIP = NO;
				DEBUG_INFORMATION_FORMAT = "dwarf-with-dsym";
				ENABLE_NS_ASSERTIONS = NO;
				ENABLE_STRICT_OBJC_MSGSEND = YES;
				GCC_C_LANGUAGE_STANDARD = gnu11;
				GCC_NO_COMMON_BLOCKS = YES;
				GCC_WARN_64_TO_32_BIT_CONVERSION = YES;
				GCC_WARN_ABOUT_RETURN_TYPE = YES_ERROR;
				GCC_WARN_UNDECLARED_SELECTOR = YES;
				GCC_WARN_UNINITIALIZED_AUTOS = YES_AGGRESSIVE;
				GCC_WARN_UNUSED_FUNCTION = YES;
				GCC_WARN_UNUSED_VARIABLE = YES;
				IPHONEOS_DEPLOYMENT_TARGET = 15.4;
				MTL_ENABLE_DEBUG_INFO = NO;
				MTL_FAST_MATH = YES;
				SDKROOT = iphoneos;
				SWIFT_COMPILATION_MODE = wholemodule;
				SWIFT_OPTIMIZATION_LEVEL = "-O";
				VALIDATE_PRODUCT = YES;
			};
			name = Release;
		};
		F40AC2C128176FC300C9C346 /* Debug */ = {
			isa = XCBuildConfiguration;
			baseConfigurationReference = 68DE2C6B5F70A83A3799C7F0 /* Pods-Marvel Characters.debug.xcconfig */;
			buildSettings = {
				ASSETCATALOG_COMPILER_APPICON_NAME = AppIcon;
				ASSETCATALOG_COMPILER_GLOBAL_ACCENT_COLOR_NAME = AccentColor;
				CODE_SIGN_STYLE = Automatic;
				CURRENT_PROJECT_VERSION = 1;
				DEVELOPMENT_TEAM = 3F2Y7B7Z54;
				GENERATE_INFOPLIST_FILE = YES;
				INFOPLIST_FILE = "Marvel Characters/Info.plist";
				INFOPLIST_KEY_UIApplicationSupportsIndirectInputEvents = YES;
				INFOPLIST_KEY_UILaunchStoryboardName = LaunchScreen;
				INFOPLIST_KEY_UIMainStoryboardFile = Main;
				INFOPLIST_KEY_UIStatusBarHidden = NO;
				INFOPLIST_KEY_UISupportedInterfaceOrientations = UIInterfaceOrientationPortrait;
				INFOPLIST_KEY_UISupportedInterfaceOrientations_iPad = "UIInterfaceOrientationPortrait UIInterfaceOrientationPortraitUpsideDown UIInterfaceOrientationLandscapeLeft UIInterfaceOrientationLandscapeRight";
				INFOPLIST_KEY_UISupportedInterfaceOrientations_iPhone = "UIInterfaceOrientationPortrait UIInterfaceOrientationLandscapeLeft UIInterfaceOrientationLandscapeRight";
				LD_RUNPATH_SEARCH_PATHS = (
					"$(inherited)",
					"@executable_path/Frameworks",
				);
				MARKETING_VERSION = 1.0;
				PRODUCT_BUNDLE_IDENTIFIER = "CBeratAltuntas.Marvel-Comics";
				PRODUCT_NAME = "$(TARGET_NAME)";
				SWIFT_EMIT_LOC_STRINGS = YES;
				SWIFT_VERSION = 5.0;
				TARGETED_DEVICE_FAMILY = 1;
			};
			name = Debug;
		};
		F40AC2C228176FC300C9C346 /* Release */ = {
			isa = XCBuildConfiguration;
			baseConfigurationReference = C03F4818A50C1CD9E2D5B253 /* Pods-Marvel Characters.release.xcconfig */;
			buildSettings = {
				ASSETCATALOG_COMPILER_APPICON_NAME = AppIcon;
				ASSETCATALOG_COMPILER_GLOBAL_ACCENT_COLOR_NAME = AccentColor;
				CODE_SIGN_STYLE = Automatic;
				CURRENT_PROJECT_VERSION = 1;
				DEVELOPMENT_TEAM = 3F2Y7B7Z54;
				GENERATE_INFOPLIST_FILE = YES;
				INFOPLIST_FILE = "Marvel Characters/Info.plist";
				INFOPLIST_KEY_UIApplicationSupportsIndirectInputEvents = YES;
				INFOPLIST_KEY_UILaunchStoryboardName = LaunchScreen;
				INFOPLIST_KEY_UIMainStoryboardFile = Main;
				INFOPLIST_KEY_UIStatusBarHidden = NO;
				INFOPLIST_KEY_UISupportedInterfaceOrientations = UIInterfaceOrientationPortrait;
				INFOPLIST_KEY_UISupportedInterfaceOrientations_iPad = "UIInterfaceOrientationPortrait UIInterfaceOrientationPortraitUpsideDown UIInterfaceOrientationLandscapeLeft UIInterfaceOrientationLandscapeRight";
				INFOPLIST_KEY_UISupportedInterfaceOrientations_iPhone = "UIInterfaceOrientationPortrait UIInterfaceOrientationLandscapeLeft UIInterfaceOrientationLandscapeRight";
				LD_RUNPATH_SEARCH_PATHS = (
					"$(inherited)",
					"@executable_path/Frameworks",
				);
				MARKETING_VERSION = 1.0;
				PRODUCT_BUNDLE_IDENTIFIER = "CBeratAltuntas.Marvel-Comics";
				PRODUCT_NAME = "$(TARGET_NAME)";
				SWIFT_EMIT_LOC_STRINGS = YES;
				SWIFT_VERSION = 5.0;
				TARGETED_DEVICE_FAMILY = 1;
			};
			name = Release;
		};
/* End XCBuildConfiguration section */

/* Begin XCConfigurationList section */
		F40AC2A728176FBF00C9C346 /* Build configuration list for PBXProject "Marvel Characters" */ = {
			isa = XCConfigurationList;
			buildConfigurations = (
				F40AC2BE28176FC300C9C346 /* Debug */,
				F40AC2BF28176FC300C9C346 /* Release */,
			);
			defaultConfigurationIsVisible = 0;
			defaultConfigurationName = Release;
		};
		F40AC2C028176FC300C9C346 /* Build configuration list for PBXNativeTarget "Marvel Characters" */ = {
			isa = XCConfigurationList;
			buildConfigurations = (
				F40AC2C128176FC300C9C346 /* Debug */,
				F40AC2C228176FC300C9C346 /* Release */,
			);
			defaultConfigurationIsVisible = 0;
			defaultConfigurationName = Release;
		};
/* End XCConfigurationList section */
	};
	rootObject = F40AC2A428176FBF00C9C346 /* Project object */;
}
